// !$*UTF8*$!
{
	archiveVersion = 1;
	classes = {
	};
	objectVersion = 46;
	objects = {

/* Begin PBXBuildFile section */
		BC9FEEDC1A4D570F00119230 /* Foundation.framework in Frameworks */ = {isa = PBXBuildFile; fileRef = BC9FEEDB1A4D570F00119230 /* Foundation.framework */; };
		BC9FEEDE1A4D570F00119230 /* CoreGraphics.framework in Frameworks */ = {isa = PBXBuildFile; fileRef = BC9FEEDD1A4D570F00119230 /* CoreGraphics.framework */; };
		BC9FEEE01A4D570F00119230 /* UIKit.framework in Frameworks */ = {isa = PBXBuildFile; fileRef = BC9FEEDF1A4D570F00119230 /* UIKit.framework */; };
		BC9FEEE61A4D570F00119230 /* InfoPlist.strings in Resources */ = {isa = PBXBuildFile; fileRef = BC9FEEE41A4D570F00119230 /* InfoPlist.strings */; };
		BC9FEEE81A4D570F00119230 /* main.m in Sources */ = {isa = PBXBuildFile; fileRef = BC9FEEE71A4D570F00119230 /* main.m */; };
		BC9FEEEC1A4D570F00119230 /* AppDelegate.m in Sources */ = {isa = PBXBuildFile; fileRef = BC9FEEEB1A4D570F00119230 /* AppDelegate.m */; };
		BC9FEEEE1A4D570F00119230 /* Images.xcassets in Resources */ = {isa = PBXBuildFile; fileRef = BC9FEEED1A4D570F00119230 /* Images.xcassets */; };
		BC9FEEF51A4D570F00119230 /* XCTest.framework in Frameworks */ = {isa = PBXBuildFile; fileRef = BC9FEEF41A4D570F00119230 /* XCTest.framework */; };
		BC9FEEF61A4D570F00119230 /* Foundation.framework in Frameworks */ = {isa = PBXBuildFile; fileRef = BC9FEEDB1A4D570F00119230 /* Foundation.framework */; };
		BC9FEEF71A4D570F00119230 /* UIKit.framework in Frameworks */ = {isa = PBXBuildFile; fileRef = BC9FEEDF1A4D570F00119230 /* UIKit.framework */; };
		BC9FEEFF1A4D570F00119230 /* InfoPlist.strings in Resources */ = {isa = PBXBuildFile; fileRef = BC9FEEFD1A4D570F00119230 /* InfoPlist.strings */; };
		BC9FEF011A4D570F00119230 /* AudioPlayerTests.m in Sources */ = {isa = PBXBuildFile; fileRef = BC9FEF001A4D570F00119230 /* AudioPlayerTests.m */; };
/* End PBXBuildFile section */

/* Begin PBXContainerItemProxy section */
		BC9FEEF81A4D570F00119230 /* PBXContainerItemProxy */ = {
			isa = PBXContainerItemProxy;
			containerPortal = BC9FEED01A4D570F00119230 /* Project object */;
			proxyType = 1;
			remoteGlobalIDString = BC9FEED71A4D570F00119230;
			remoteInfo = AudioPlayer;
		};
/* End PBXContainerItemProxy section */

/* Begin PBXFileReference section */
		BC9FEED81A4D570F00119230 /* AudioPlayer.app */ = {isa = PBXFileReference; explicitFileType = wrapper.application; includeInIndex = 0; path = AudioPlayer.app; sourceTree = BUILT_PRODUCTS_DIR; };
		BC9FEEDB1A4D570F00119230 /* Foundation.framework */ = {isa = PBXFileReference; lastKnownFileType = wrapper.framework; name = Foundation.framework; path = System/Library/Frameworks/Foundation.framework; sourceTree = SDKROOT; };
		BC9FEEDD1A4D570F00119230 /* CoreGraphics.framework */ = {isa = PBXFileReference; lastKnownFileType = wrapper.framework; name = CoreGraphics.framework; path = System/Library/Frameworks/CoreGraphics.framework; sourceTree = SDKROOT; };
		BC9FEEDF1A4D570F00119230 /* UIKit.framework */ = {isa = PBXFileReference; lastKnownFileType = wrapper.framework; name = UIKit.framework; path = System/Library/Frameworks/UIKit.framework; sourceTree = SDKROOT; };
		BC9FEEE31A4D570F00119230 /* AudioPlayer-Info.plist */ = {isa = PBXFileReference; lastKnownFileType = text.plist.xml; path = "AudioPlayer-Info.plist"; sourceTree = "<group>"; };
		BC9FEEE51A4D570F00119230 /* en */ = {isa = PBXFileReference; lastKnownFileType = text.plist.strings; name = en; path = en.lproj/InfoPlist.strings; sourceTree = "<group>"; };
		BC9FEEE71A4D570F00119230 /* main.m */ = {isa = PBXFileReference; lastKnownFileType = sourcecode.c.objc; path = main.m; sourceTree = "<group>"; };
		BC9FEEE91A4D570F00119230 /* AudioPlayer-Prefix.pch */ = {isa = PBXFileReference; lastKnownFileType = sourcecode.c.h; path = "AudioPlayer-Prefix.pch"; sourceTree = "<group>"; };
		BC9FEEEA1A4D570F00119230 /* AppDelegate.h */ = {isa = PBXFileReference; lastKnownFileType = sourcecode.c.h; path = AppDelegate.h; sourceTree = "<group>"; };
		BC9FEEEB1A4D570F00119230 /* AppDelegate.m */ = {isa = PBXFileReference; lastKnownFileType = sourcecode.c.objc; path = AppDelegate.m; sourceTree = "<group>"; };
		BC9FEEED1A4D570F00119230 /* Images.xcassets */ = {isa = PBXFileReference; lastKnownFileType = folder.assetcatalog; path = Images.xcassets; sourceTree = "<group>"; };
		BC9FEEF31A4D570F00119230 /* AudioPlayerTests.xctest */ = {isa = PBXFileReference; explicitFileType = wrapper.cfbundle; includeInIndex = 0; path = AudioPlayerTests.xctest; sourceTree = BUILT_PRODUCTS_DIR; };
		BC9FEEF41A4D570F00119230 /* XCTest.framework */ = {isa = PBXFileReference; lastKnownFileType = wrapper.framework; name = XCTest.framework; path = Library/Frameworks/XCTest.framework; sourceTree = DEVELOPER_DIR; };
		BC9FEEFC1A4D570F00119230 /* AudioPlayerTests-Info.plist */ = {isa = PBXFileReference; lastKnownFileType = text.plist.xml; path = "AudioPlayerTests-Info.plist"; sourceTree = "<group>"; };
		BC9FEEFE1A4D570F00119230 /* en */ = {isa = PBXFileReference; lastKnownFileType = text.plist.strings; name = en; path = en.lproj/InfoPlist.strings; sourceTree = "<group>"; };
		BC9FEF001A4D570F00119230 /* AudioPlayerTests.m */ = {isa = PBXFileReference; lastKnownFileType = sourcecode.c.objc; path = AudioPlayerTests.m; sourceTree = "<group>"; };
/* End PBXFileReference section */

/* Begin PBXFrameworksBuildPhase section */
		BC9FEED51A4D570F00119230 /* Frameworks */ = {
			isa = PBXFrameworksBuildPhase;
			buildActionMask = 2147483647;
			files = (
				BC9FEEDE1A4D570F00119230 /* CoreGraphics.framework in Frameworks */,
				BC9FEEE01A4D570F00119230 /* UIKit.framework in Frameworks */,
				BC9FEEDC1A4D570F00119230 /* Foundation.framework in Frameworks */,
			);
			runOnlyForDeploymentPostprocessing = 0;
		};
		BC9FEEF01A4D570F00119230 /* Frameworks */ = {
			isa = PBXFrameworksBuildPhase;
			buildActionMask = 2147483647;
			files = (
				BC9FEEF51A4D570F00119230 /* XCTest.framework in Frameworks */,
				BC9FEEF71A4D570F00119230 /* UIKit.framework in Frameworks */,
				BC9FEEF61A4D570F00119230 /* Foundation.framework in Frameworks */,
			);
			runOnlyForDeploymentPostprocessing = 0;
		};
/* End PBXFrameworksBuildPhase section */

/* Begin PBXGroup section */
		BC9FEECF1A4D570F00119230 = {
			isa = PBXGroup;
			children = (
				BC9FEEE11A4D570F00119230 /* AudioPlayer */,
				BC9FEEFA1A4D570F00119230 /* AudioPlayerTests */,
				BC9FEEDA1A4D570F00119230 /* Frameworks */,
				BC9FEED91A4D570F00119230 /* Products */,
			);
			sourceTree = "<group>";
		};
		BC9FEED91A4D570F00119230 /* Products */ = {
			isa = PBXGroup;
			children = (
				BC9FEED81A4D570F00119230 /* AudioPlayer.app */,
				BC9FEEF31A4D570F00119230 /* AudioPlayerTests.xctest */,
			);
			name = Products;
			sourceTree = "<group>";
		};
		BC9FEEDA1A4D570F00119230 /* Frameworks */ = {
			isa = PBXGroup;
			children = (
				BC9FEEDB1A4D570F00119230 /* Foundation.framework */,
				BC9FEEDD1A4D570F00119230 /* CoreGraphics.framework */,
				BC9FEEDF1A4D570F00119230 /* UIKit.framework */,
				BC9FEEF41A4D570F00119230 /* XCTest.framework */,
			);
			name = Frameworks;
			sourceTree = "<group>";
		};
		BC9FEEE11A4D570F00119230 /* AudioPlayer */ = {
			isa = PBXGroup;
			children = (
				BC9FEEEA1A4D570F00119230 /* AppDelegate.h */,
				BC9FEEEB1A4D570F00119230 /* AppDelegate.m */,
				BC9FEEED1A4D570F00119230 /* Images.xcassets */,
				BC9FEEE21A4D570F00119230 /* Supporting Files */,
			);
			path = AudioPlayer;
			sourceTree = "<group>";
		};
		BC9FEEE21A4D570F00119230 /* Supporting Files */ = {
			isa = PBXGroup;
			children = (
				BC9FEEE31A4D570F00119230 /* AudioPlayer-Info.plist */,
				BC9FEEE41A4D570F00119230 /* InfoPlist.strings */,
				BC9FEEE71A4D570F00119230 /* main.m */,
				BC9FEEE91A4D570F00119230 /* AudioPlayer-Prefix.pch */,
			);
			name = "Supporting Files";
			sourceTree = "<group>";
		};
		BC9FEEFA1A4D570F00119230 /* AudioPlayerTests */ = {
			isa = PBXGroup;
			children = (
				BC9FEF001A4D570F00119230 /* AudioPlayerTests.m */,
				BC9FEEFB1A4D570F00119230 /* Supporting Files */,
			);
			path = AudioPlayerTests;
			sourceTree = "<group>";
		};
		BC9FEEFB1A4D570F00119230 /* Supporting Files */ = {
			isa = PBXGroup;
			children = (
				BC9FEEFC1A4D570F00119230 /* AudioPlayerTests-Info.plist */,
				BC9FEEFD1A4D570F00119230 /* InfoPlist.strings */,
			);
			name = "Supporting Files";
			sourceTree = "<group>";
		};
/* End PBXGroup section */

/* Begin PBXNativeTarget section */
		BC9FEED71A4D570F00119230 /* AudioPlayer */ = {
			isa = PBXNativeTarget;
			buildConfigurationList = BC9FEF041A4D570F00119230 /* Build configuration list for PBXNativeTarget "AudioPlayer" */;
			buildPhases = (
				BC9FEED41A4D570F00119230 /* Sources */,
				BC9FEED51A4D570F00119230 /* Frameworks */,
				BC9FEED61A4D570F00119230 /* Resources */,
			);
			buildRules = (
			);
			dependencies = (
			);
			name = AudioPlayer;
			productName = AudioPlayer;
			productReference = BC9FEED81A4D570F00119230 /* AudioPlayer.app */;
			productType = "com.apple.product-type.application";
		};
		BC9FEEF21A4D570F00119230 /* AudioPlayerTests */ = {
			isa = PBXNativeTarget;
			buildConfigurationList = BC9FEF071A4D570F00119230 /* Build configuration list for PBXNativeTarget "AudioPlayerTests" */;
			buildPhases = (
				BC9FEEEF1A4D570F00119230 /* Sources */,
				BC9FEEF01A4D570F00119230 /* Frameworks */,
				BC9FEEF11A4D570F00119230 /* Resources */,
			);
			buildRules = (
			);
			dependencies = (
				BC9FEEF91A4D570F00119230 /* PBXTargetDependency */,
			);
			name = AudioPlayerTests;
			productName = AudioPlayerTests;
			productReference = BC9FEEF31A4D570F00119230 /* AudioPlayerTests.xctest */;
			productType = "com.apple.product-type.bundle.unit-test";
		};
/* End PBXNativeTarget section */

/* Begin PBXProject section */
		BC9FEED01A4D570F00119230 /* Project object */ = {
			isa = PBXProject;
			attributes = {
				LastUpgradeCheck = 0510;
				ORGANIZATIONNAME = Qianfeng;
				TargetAttributes = {
					BC9FEEF21A4D570F00119230 = {
						TestTargetID = BC9FEED71A4D570F00119230;
					};
				};
			};
			buildConfigurationList = BC9FEED31A4D570F00119230 /* Build configuration list for PBXProject "AudioPlayer" */;
			compatibilityVersion = "Xcode 3.2";
			developmentRegion = English;
			hasScannedForEncodings = 0;
			knownRegions = (
				en,
			);
			mainGroup = BC9FEECF1A4D570F00119230;
			productRefGroup = BC9FEED91A4D570F00119230 /* Products */;
			projectDirPath = "";
			projectRoot = "";
			targets = (
				BC9FEED71A4D570F00119230 /* AudioPlayer */,
				BC9FEEF21A4D570F00119230 /* AudioPlayerTests */,
			);
		};
/* End PBXProject section */

/* Begin PBXResourcesBuildPhase section */
		BC9FEED61A4D570F00119230 /* Resources */ = {
			isa = PBXResourcesBuildPhase;
			buildActionMask = 2147483647;
			files = (
				BC9FEEE61A4D570F00119230 /* InfoPlist.strings in Resources */,
				BC9FEEEE1A4D570F00119230 /* Images.xcassets in Resources */,
			);
			runOnlyForDeploymentPostprocessing = 0;
		};
		BC9FEEF11A4D570F00119230 /* Resources */ = {
			isa = PBXResourcesBuildPhase;
			buildActionMask = 2147483647;
			files = (
				BC9FEEFF1A4D570F00119230 /* InfoPlist.strings in Resources */,
			);
			runOnlyForDeploymentPostprocessing = 0;
		};
/* End PBXResourcesBuildPhase section */

/* Begin PBXSourcesBuildPhase section */
		BC9FEED41A4D570F00119230 /* Sources */ = {
			isa = PBXSourcesBuildPhase;
			buildActionMask = 2147483647;
			files = (
				BC9FEEEC1A4D570F00119230 /* AppDelegate.m in Sources */,
				BC9FEEE81A4D570F00119230 /* main.m in Sources */,
			);
			runOnlyForDeploymentPostprocessing = 0;
		};
		BC9FEEEF1A4D570F00119230 /* Sources */ = {
			isa = PBXSourcesBuildPhase;
			buildActionMask = 2147483647;
			files = (
				BC9FEF011A4D570F00119230 /* AudioPlayerTests.m in Sources */,
			);
			runOnlyForDeploymentPostprocessing = 0;
		};
/* End PBXSourcesBuildPhase section */

/* Begin PBXTargetDependency section */
		BC9FEEF91A4D570F00119230 /* PBXTargetDependency */ = {
			isa = PBXTargetDependency;
			target = BC9FEED71A4D570F00119230 /* AudioPlayer */;
			targetProxy = BC9FEEF81A4D570F00119230 /* PBXContainerItemProxy */;
		};
/* End PBXTargetDependency section */

/* Begin PBXVariantGroup section */
		BC9FEEE41A4D570F00119230 /* InfoPlist.strings */ = {
			isa = PBXVariantGroup;
			children = (
				BC9FEEE51A4D570F00119230 /* en */,
			);
			name = InfoPlist.strings;
			sourceTree = "<group>";
		};
		BC9FEEFD1A4D570F00119230 /* InfoPlist.strings */ = {
			isa = PBXVariantGroup;
			children = (
				BC9FEEFE1A4D570F00119230 /* en */,
			);
			name = InfoPlist.strings;
			sourceTree = "<group>";
		};
/* End PBXVariantGroup section */

/* Begin XCBuildConfiguration section */
		BC9FEF021A4D570F00119230 /* Debug */ = {
			isa = XCBuildConfiguration;
			buildSettings = {
				ALWAYS_SEARCH_USER_PATHS = NO;
				CLANG_CXX_LANGUAGE_STANDARD = "gnu++0x";
				CLANG_CXX_LIBRARY = "libc++";
				CLANG_ENABLE_MODULES = YES;
				CLANG_ENABLE_OBJC_ARC = YES;
				CLANG_WARN_BOOL_CONVERSION = YES;
				CLANG_WARN_CONSTANT_CONVERSION = YES;
				CLANG_WARN_DIRECT_OBJC_ISA_USAGE = YES_ERROR;
				CLANG_WARN_EMPTY_BODY = YES;
				CLANG_WARN_ENUM_CONVERSION = YES;
				CLANG_WARN_INT_CONVERSION = YES;
				CLANG_WARN_OBJC_ROOT_CLASS = YES_ERROR;
				CLANG_WARN__DUPLICATE_METHOD_MATCH = YES;
				"CODE_SIGN_IDENTITY[sdk=iphoneos*]" = "iPhone Developer";
				COPY_PHASE_STRIP = NO;
				GCC_C_LANGUAGE_STANDARD = gnu99;
				GCC_DYNAMIC_NO_PIC = NO;
				GCC_OPTIMIZATION_LEVEL = 0;
				GCC_PREPROCESSOR_DEFINITIONS = (
					"DEBUG=1",
					"$(inherited)",
				);
				GCC_SYMBOLS_PRIVATE_EXTERN = NO;
				GCC_WARN_64_TO_32_BIT_CONVERSION = YES;
				GCC_WARN_ABOUT_RETURN_TYPE = YES_ERROR;
				GCC_WARN_UNDECLARED_SELECTOR = YES;
				GCC_WARN_UNINITIALIZED_AUTOS = YES_AGGRESSIVE;
				GCC_WARN_UNUSED_FUNCTION = YES;
				GCC_WARN_UNUSED_VARIABLE = YES;
				IPHONEOS_DEPLOYMENT_TARGET = 7.1;
				ONLY_ACTIVE_ARCH = YES;
				SDKROOT = iphoneos;
			};
			name = Debug;
		};
		BC9FEF031A4D570F00119230 /* Release */ = {
			isa = XCBuildConfiguration;
			buildSettings = {
				ALWAYS_SEARCH_USER_PATHS = NO;
				CLANG_CXX_LANGUAGE_STANDARD = "gnu++0x";
				CLANG_CXX_LIBRARY = "libc++";
				CLANG_ENABLE_MODULES = YES;
				CLANG_ENABLE_OBJC_ARC = YES;
				CLANG_WARN_BOOL_CONVERSION = YES;
				CLANG_WARN_CONSTANT_CONVERSION = YES;
				CLANG_WARN_DIRECT_OBJC_ISA_USAGE = YES_ERROR;
				CLANG_WARN_EMPTY_BODY = YES;
				CLANG_WARN_ENUM_CONVERSION = YES;
				CLANG_WARN_INT_CONVERSION = YES;
				CLANG_WARN_OBJC_ROOT_CLASS = YES_ERROR;
				CLANG_WARN__DUPLICATE_METHOD_MATCH = YES;
				"CODE_SIGN_IDENTITY[sdk=iphoneos*]" = "iPhone Developer";
				COPY_PHASE_STRIP = YES;
				ENABLE_NS_ASSERTIONS = NO;
				GCC_C_LANGUAGE_STANDARD = gnu99;
				GCC_WARN_64_TO_32_BIT_CONVERSION = YES;
				GCC_WARN_ABOUT_RETURN_TYPE = YES_ERROR;
				GCC_WARN_UNDECLARED_SELECTOR = YES;
				GCC_WARN_UNINITIALIZED_AUTOS = YES_AGGRESSIVE;
				GCC_WARN_UNUSED_FUNCTION = YES;
				GCC_WARN_UNUSED_VARIABLE = YES;
				IPHONEOS_DEPLOYMENT_TARGET = 7.1;
				SDKROOT = iphoneos;
				VALIDATE_PRODUCT = YES;
			};
			name = Release;
		};
		BC9FEF051A4D570F00119230 /* Debug */ = {
			isa = XCBuildConfiguration;
			buildSettings = {
				ASSETCATALOG_COMPILER_APPICON_NAME = AppIcon;
				ASSETCATALOG_COMPILER_LAUNCHIMAGE_NAME = LaunchImage;
				GCC_PRECOMPILE_PREFIX_HEADER = YES;
				GCC_PREFIX_HEADER = "AudioPlayer/AudioPlayer-Prefix.pch";
				INFOPLIST_FILE = "AudioPlayer/AudioPlayer-Info.plist";
				PRODUCT_NAME = "$(TARGET_NAME)";
				WRAPPER_EXTENSION = app;
			};
			name = Debug;
		};
		BC9FEF061A4D570F00119230 /* Release */ = {
			isa = XCBuildConfiguration;
			buildSettings = {
				ASSETCATALOG_COMPILER_APPICON_NAME = AppIcon;
				ASSETCATALOG_COMPILER_LAUNCHIMAGE_NAME = LaunchImage;
				GCC_PRECOMPILE_PREFIX_HEADER = YES;
				GCC_PREFIX_HEADER = "AudioPlayer/AudioPlayer-Prefix.pch";
				INFOPLIST_FILE = "AudioPlayer/AudioPlayer-Info.plist";
				PRODUCT_NAME = "$(TARGET_NAME)";
				WRAPPER_EXTENSION = app;
			};
			name = Release;
		};
		BC9FEF081A4D570F00119230 /* Debug */ = {
			isa = XCBuildConfiguration;
			buildSettings = {
				BUNDLE_LOADER = "$(BUILT_PRODUCTS_DIR)/AudioPlayer.app/AudioPlayer";
				FRAMEWORK_SEARCH_PATHS = (
					"$(SDKROOT)/Developer/Library/Frameworks",
					"$(inherited)",
					"$(DEVELOPER_FRAMEWORKS_DIR)",
				);
				GCC_PRECOMPILE_PREFIX_HEADER = YES;
				GCC_PREFIX_HEADER = "AudioPlayer/AudioPlayer-Prefix.pch";
				GCC_PREPROCESSOR_DEFINITIONS = (
					"DEBUG=1",
					"$(inherited)",
				);
				INFOPLIST_FILE = "AudioPlayerTests/AudioPlayerTests-Info.plist";
				PRODUCT_NAME = "$(TARGET_NAME)";
				TEST_HOST = "$(BUNDLE_LOADER)";
				WRAPPER_EXTENSION = xctest;
			};
			name = Debug;
		};
		BC9FEF091A4D570F00119230 /* Release */ = {
			isa = XCBuildConfiguration;
			buildSettings = {
				BUNDLE_LOADER = "$(BUILT_PRODUCTS_DIR)/AudioPlayer.app/AudioPlayer";
				FRAMEWORK_SEARCH_PATHS = (
					"$(SDKROOT)/Developer/Library/Frameworks",
					"$(inherited)",
					"$(DEVELOPER_FRAMEWORKS_DIR)",
				);
				GCC_PRECOMPILE_PREFIX_HEADER = YES;
				GCC_PREFIX_HEADER = "AudioPlayer/AudioPlayer-Prefix.pch";
				INFOPLIST_FILE = "AudioPlayerTests/AudioPlayerTests-Info.plist";
				PRODUCT_NAME = "$(TARGET_NAME)";
				TEST_HOST = "$(BUNDLE_LOADER)";
				WRAPPER_EXTENSION = xctest;
			};
			name = Release;
		};
/* End XCBuildConfiguration section */

/* Begin XCConfigurationList section */
		BC9FEED31A4D570F00119230 /* Build configuration list for PBXProject "AudioPlayer" */ = {
			isa = XCConfigurationList;
			buildConfigurations = (
				BC9FEF021A4D570F00119230 /* Debug */,
				BC9FEF031A4D570F00119230 /* Release */,
			);
			defaultConfigurationIsVisible = 0;
			defaultConfigurationName = Release;
		};
		BC9FEF041A4D570F00119230 /* Build configuration list for PBXNativeTarget "AudioPlayer" */ = {
			isa = XCConfigurationList;
			buildConfigurations = (
				BC9FEF051A4D570F00119230 /* Debug */,
				BC9FEF061A4D570F00119230 /* Release */,
			);
			defaultConfigurationIsVisible = 0;
		};
		BC9FEF071A4D570F00119230 /* Build configuration list for PBXNativeTarget "AudioPlayerTests" */ = {
			isa = XCConfigurationList;
			buildConfigurations = (
				BC9FEF081A4D570F00119230 /* Debug */,
				BC9FEF091A4D570F00119230 /* Release */,
			);
			defaultConfigurationIsVisible = 0;
		};
/* End XCConfigurationList section */
	};
	rootObject = BC9FEED01A4D570F00119230 /* Project object */;
}
